
Microsoft Visual Studio Solution File, Format Version 12.00
# Visual Studio Version 17
VisualStudioVersion = 17.10.35027.167
MinimumVisualStudioVersion = 10.0.40219.1
Project("{FAE04EC0-301F-11D3-BF4B-00C04F79EFBC}") = "Conexion_BD_MySqlServer", "Conexion_BD_MySqlServer\Conexion_BD_MySqlServer.csproj", "{6BD01F47-E6B4-406A-B232-3A8A05B585D8}"
EndProject
Global
	GlobalSection(SolutionConfigurationPlatforms) = preSolution
		Debug|Any CPU = Debug|Any CPU
		Release|Any CPU = Release|Any CPU
	EndGlobalSection
	GlobalSection(ProjectConfigurationPlatforms) = postSolution
		{6BD01F47-E6B4-406A-B232-3A8A05B585D8}.Debug|Any CPU.ActiveCfg = Debug|Any CPU
		{6BD01F47-E6B4-406A-B232-3A8A05B585D8}.Debug|Any CPU.Build.0 = Debug|Any CPU
		{6BD01F47-E6B4-406A-B232-3A8A05B585D8}.Release|Any CPU.ActiveCfg = Release|Any CPU
		{6BD01F47-E6B4-406A-B232-3A8A05B585D8}.Release|Any CPU.Build.0 = Release|Any CPU
	EndGlobalSection
	GlobalSection(SolutionProperties) = preSolution
		HideSolutionNode = FALSE
	EndGlobalSection
	GlobalSection(ExtensibilityGlobals) = postSolution
		SolutionGuid = {B97B13BC-6E8A-4FD5-AAF7-0F8DD8E7762D}
	EndGlobalSection
EndGlobal
